
Microsoft Visual Studio Solution File, Format Version 12.00
# Visual Studio Version 17
VisualStudioVersion = 17.2.32526.322
MinimumVisualStudioVersion = 10.0.40219.1
Project("{FAE04EC0-301F-11D3-BF4B-00C04F79EFBC}") = "TasksManager", "TasksManager.csproj", "{E3302DE8-D024-484D-B699-53280ACD2F79}"
EndProject
Project("{FAE04EC0-301F-11D3-BF4B-00C04F79EFBC}") = "TaskManagerTestProject", "..\TaskManagerTestProject\TaskManagerTestProject.csproj", "{B4932256-745B-44A7-A7D3-F02BEAF5620E}"
EndProject
Global
	GlobalSection(SolutionConfigurationPlatforms) = preSolution
		Debug|Any CPU = Debug|Any CPU
		Release|Any CPU = Release|Any CPU
	EndGlobalSection
	GlobalSection(ProjectConfigurationPlatforms) = postSolution
		{E3302DE8-D024-484D-B699-53280ACD2F79}.Debug|Any CPU.ActiveCfg = Debug|Any CPU
		{E3302DE8-D024-484D-B699-53280ACD2F79}.Debug|Any CPU.Build.0 = Debug|Any CPU
		{E3302DE8-D024-484D-B699-53280ACD2F79}.Release|Any CPU.ActiveCfg = Release|Any CPU
		{E3302DE8-D024-484D-B699-53280ACD2F79}.Release|Any CPU.Build.0 = Release|Any CPU
		{B4932256-745B-44A7-A7D3-F02BEAF5620E}.Debug|Any CPU.ActiveCfg = Debug|Any CPU
		{B4932256-745B-44A7-A7D3-F02BEAF5620E}.Debug|Any CPU.Build.0 = Debug|Any CPU
		{B4932256-745B-44A7-A7D3-F02BEAF5620E}.Release|Any CPU.ActiveCfg = Release|Any CPU
		{B4932256-745B-44A7-A7D3-F02BEAF5620E}.Release|Any CPU.Build.0 = Release|Any CPU
	EndGlobalSection
	GlobalSection(SolutionProperties) = preSolution
		HideSolutionNode = FALSE
	EndGlobalSection
	GlobalSection(ExtensibilityGlobals) = postSolution
		SolutionGuid = {4276813D-6856-4054-9C21-51925D0CA37A}
	EndGlobalSection
EndGlobal
